
Microsoft Visual Studio Solution File, Format Version 12.00
# Visual Studio Version 16
VisualStudioVersion = 16.0.29926.136
MinimumVisualStudioVersion = 10.0.40219.1
Project("{FAE04EC0-301F-11D3-BF4B-00C04F79EFBC}") = "EncontreSeuLivro", "EncontreSeuLivro.csproj", "{FE2EF29A-2AE9-4A90-8AA8-E519E251A550}"
EndProject
Global
	GlobalSection(SolutionConfigurationPlatforms) = preSolution
		Debug|Any CPU = Debug|Any CPU
		Release|Any CPU = Release|Any CPU
	EndGlobalSection
	GlobalSection(ProjectConfigurationPlatforms) = postSolution
		{FE2EF29A-2AE9-4A90-8AA8-E519E251A550}.Debug|Any CPU.ActiveCfg = Debug|Any CPU
		{FE2EF29A-2AE9-4A90-8AA8-E519E251A550}.Debug|Any CPU.Build.0 = Debug|Any CPU
		{FE2EF29A-2AE9-4A90-8AA8-E519E251A550}.Release|Any CPU.ActiveCfg = Release|Any CPU
		{FE2EF29A-2AE9-4A90-8AA8-E519E251A550}.Release|Any CPU.Build.0 = Release|Any CPU
	EndGlobalSection
	GlobalSection(SolutionProperties) = preSolution
		HideSolutionNode = FALSE
	EndGlobalSection
	GlobalSection(ExtensibilityGlobals) = postSolution
		SolutionGuid = {392F4DD2-B3BA-4D82-BDEC-D8A3ED020680}
	EndGlobalSection
EndGlobal
